
Microsoft Visual Studio Solution File, Format Version 12.00
Project("{FAE04EC0-301F-11D3-BF4B-00C04F79EFBC}") = "ExpertSystemUI", "ExpertSystemUI\ExpertSystemUI.csproj", "{11243BA1-4BD0-4C98-AD3B-3C57D91AF793}"
EndProject
Global
	GlobalSection(SolutionConfigurationPlatforms) = preSolution
		Debug|Any CPU = Debug|Any CPU
		Release|Any CPU = Release|Any CPU
	EndGlobalSection
	GlobalSection(ProjectConfigurationPlatforms) = postSolution
		{11243BA1-4BD0-4C98-AD3B-3C57D91AF793}.Debug|Any CPU.ActiveCfg = Debug|Any CPU
		{11243BA1-4BD0-4C98-AD3B-3C57D91AF793}.Debug|Any CPU.Build.0 = Debug|Any CPU
		{11243BA1-4BD0-4C98-AD3B-3C57D91AF793}.Release|Any CPU.ActiveCfg = Release|Any CPU
		{11243BA1-4BD0-4C98-AD3B-3C57D91AF793}.Release|Any CPU.Build.0 = Release|Any CPU
	EndGlobalSection
EndGlobal
